
Microsoft Visual Studio Solution File, Format Version 12.00
# Visual Studio Version 17
VisualStudioVersion = 17.13.35919.96 d17.13
MinimumVisualStudioVersion = 10.0.40219.1
Project("{FAE04EC0-301F-11D3-BF4B-00C04F79EFBC}") = "Portfolio", "Portfolio.csproj", "{9F6ED613-F531-42B1-B0DD-A8C2246FFAA9}"
EndProject
Global
	GlobalSection(SolutionConfigurationPlatforms) = preSolution
		Debug|Any CPU = Debug|Any CPU
		Release|Any CPU = Release|Any CPU
	EndGlobalSection
	GlobalSection(ProjectConfigurationPlatforms) = postSolution
		{9F6ED613-F531-42B1-B0DD-A8C2246FFAA9}.Debug|Any CPU.ActiveCfg = Debug|Any CPU
		{9F6ED613-F531-42B1-B0DD-A8C2246FFAA9}.Debug|Any CPU.Build.0 = Debug|Any CPU
		{9F6ED613-F531-42B1-B0DD-A8C2246FFAA9}.Release|Any CPU.ActiveCfg = Release|Any CPU
		{9F6ED613-F531-42B1-B0DD-A8C2246FFAA9}.Release|Any CPU.Build.0 = Release|Any CPU
	EndGlobalSection
	GlobalSection(SolutionProperties) = preSolution
		HideSolutionNode = FALSE
	EndGlobalSection
	GlobalSection(ExtensibilityGlobals) = postSolution
		SolutionGuid = {554A4A3A-51A6-4F08-860F-1185FCE0B491}
	EndGlobalSection
EndGlobal
